{
  "name": "Interface",
  "lockfileVersion": 3,
  "requires": true,
  "packages": {
    "": {
      "dependencies": {
        "tmp_es6_igv": "^0.0.4"
      }
    },
    "node_modules/tmp_es6_igv": {
      "version": "0.0.4",
      "resolved": "https://registry.npmjs.org/tmp_es6_igv/-/tmp_es6_igv-0.0.4.tgz",
      "integrity": "sha512-FlQGx1P56Rjv4xfuwSIPAkKEtuhLlvstFlOs1iAW3rM1Ztd0Itn8drgecie816otz2XtTPlqF4xN7dlKoJC4Iw=="
    }
  }
}
