# THIS IS AN AUTOGENERATED FILE. DO NOT EDIT THIS FILE DIRECTLY.
# yarn lockfile v1


tmp_es6_igv@^0.0.4:
  version "0.0.4"
  resolved "https://registry.yarnpkg.com/tmp_es6_igv/-/tmp_es6_igv-0.0.4.tgz#ae337081f0e92f02de5bbe0f2bae1ef4f230e3ed"
  integrity sha512-FlQGx1P56Rjv4xfuwSIPAkKEtuhLlvstFlOs1iAW3rM1Ztd0Itn8drgecie816otz2XtTPlqF4xN7dlKoJC4Iw==
